
Microsoft Visual Studio Solution File, Format Version 12.00
# Visual Studio Version 17
VisualStudioVersion = 17.5.33502.453
MinimumVisualStudioVersion = 10.0.40219.1
Project("{FAE04EC0-301F-11D3-BF4B-00C04F79EFBC}") = "Network measurement-database", "Network measurement-backend\Network measurement-database.csproj", "{90D764D5-837D-4F3C-BDED-06720E7B2ADF}"
EndProject
Project("{FAE04EC0-301F-11D3-BF4B-00C04F79EFBC}") = "Network measurement-functions", "Network measurement-functions\Network measurement-functions.csproj", "{2D9CCB43-33D5-4F3E-9CA8-3B297448D8F8}"
EndProject
Global
	GlobalSection(SolutionConfigurationPlatforms) = preSolution
		Debug|Any CPU = Debug|Any CPU
		Release|Any CPU = Release|Any CPU
	EndGlobalSection
	GlobalSection(ProjectConfigurationPlatforms) = postSolution
		{90D764D5-837D-4F3C-BDED-06720E7B2ADF}.Debug|Any CPU.ActiveCfg = Debug|Any CPU
		{90D764D5-837D-4F3C-BDED-06720E7B2ADF}.Debug|Any CPU.Build.0 = Debug|Any CPU
		{90D764D5-837D-4F3C-BDED-06720E7B2ADF}.Release|Any CPU.ActiveCfg = Release|Any CPU
		{90D764D5-837D-4F3C-BDED-06720E7B2ADF}.Release|Any CPU.Build.0 = Release|Any CPU
		{2D9CCB43-33D5-4F3E-9CA8-3B297448D8F8}.Debug|Any CPU.ActiveCfg = Debug|Any CPU
		{2D9CCB43-33D5-4F3E-9CA8-3B297448D8F8}.Debug|Any CPU.Build.0 = Debug|Any CPU
		{2D9CCB43-33D5-4F3E-9CA8-3B297448D8F8}.Release|Any CPU.ActiveCfg = Release|Any CPU
		{2D9CCB43-33D5-4F3E-9CA8-3B297448D8F8}.Release|Any CPU.Build.0 = Release|Any CPU
	EndGlobalSection
	GlobalSection(SolutionProperties) = preSolution
		HideSolutionNode = FALSE
	EndGlobalSection
	GlobalSection(ExtensibilityGlobals) = postSolution
		SolutionGuid = {CBE20CD2-BBD9-46EC-B2A3-A33A39F83802}
	EndGlobalSection
EndGlobal
